
Microsoft Visual Studio Solution File, Format Version 12.00
# Visual Studio 15
VisualStudioVersion = 15.0.27004.2006
MinimumVisualStudioVersion = 10.0.40219.1
Project("{FAE04EC0-301F-11D3-BF4B-00C04F79EFBC}") = "StaticUtilitiesExercise", "StaticUtilitiesExercise\StaticUtilitiesExercise.csproj", "{42A97270-17E1-4BC2-B4A6-99D597AED44E}"
EndProject
Global
	GlobalSection(SolutionConfigurationPlatforms) = preSolution
		Debug|Any CPU = Debug|Any CPU
		Release|Any CPU = Release|Any CPU
	EndGlobalSection
	GlobalSection(ProjectConfigurationPlatforms) = postSolution
		{42A97270-17E1-4BC2-B4A6-99D597AED44E}.Debug|Any CPU.ActiveCfg = Debug|Any CPU
		{42A97270-17E1-4BC2-B4A6-99D597AED44E}.Debug|Any CPU.Build.0 = Debug|Any CPU
		{42A97270-17E1-4BC2-B4A6-99D597AED44E}.Release|Any CPU.ActiveCfg = Release|Any CPU
		{42A97270-17E1-4BC2-B4A6-99D597AED44E}.Release|Any CPU.Build.0 = Release|Any CPU
	EndGlobalSection
	GlobalSection(SolutionProperties) = preSolution
		HideSolutionNode = FALSE
	EndGlobalSection
	GlobalSection(ExtensibilityGlobals) = postSolution
		SolutionGuid = {3D5A1F5B-FB7C-42C3-8A65-78466AC99AB2}
	EndGlobalSection
EndGlobal
